
Microsoft Visual Studio Solution File, Format Version 12.00
# Visual Studio 2013
VisualStudioVersion = 12.0.31101.0
MinimumVisualStudioVersion = 10.0.40219.1
Project("{FAE04EC0-301F-11D3-BF4B-00C04F79EFBC}") = "001_Code_First", "001_Code_First\001_Code_First.csproj", "{1010D797-7642-4F88-A3C3-1F78FA068DF9}"
EndProject
Project("{FAE04EC0-301F-11D3-BF4B-00C04F79EFBC}") = "002_Code_First", "002_Code_First\002_Code_First.csproj", "{36390BD7-9A2F-4FA2-990A-C11F747AD9A2}"
EndProject
Global
	GlobalSection(SolutionConfigurationPlatforms) = preSolution
		Debug|Any CPU = Debug|Any CPU
		Release|Any CPU = Release|Any CPU
	EndGlobalSection
	GlobalSection(ProjectConfigurationPlatforms) = postSolution
		{1010D797-7642-4F88-A3C3-1F78FA068DF9}.Debug|Any CPU.ActiveCfg = Debug|Any CPU
		{1010D797-7642-4F88-A3C3-1F78FA068DF9}.Debug|Any CPU.Build.0 = Debug|Any CPU
		{1010D797-7642-4F88-A3C3-1F78FA068DF9}.Release|Any CPU.ActiveCfg = Release|Any CPU
		{1010D797-7642-4F88-A3C3-1F78FA068DF9}.Release|Any CPU.Build.0 = Release|Any CPU
		{36390BD7-9A2F-4FA2-990A-C11F747AD9A2}.Debug|Any CPU.ActiveCfg = Debug|Any CPU
		{36390BD7-9A2F-4FA2-990A-C11F747AD9A2}.Debug|Any CPU.Build.0 = Debug|Any CPU
		{36390BD7-9A2F-4FA2-990A-C11F747AD9A2}.Release|Any CPU.ActiveCfg = Release|Any CPU
		{36390BD7-9A2F-4FA2-990A-C11F747AD9A2}.Release|Any CPU.Build.0 = Release|Any CPU
	EndGlobalSection
	GlobalSection(SolutionProperties) = preSolution
		HideSolutionNode = FALSE
	EndGlobalSection
EndGlobal
