
Microsoft Visual Studio Solution File, Format Version 11.00
# Visual Studio 2010
Project("{FAE04EC0-301F-11D3-BF4B-00C04F79EFBC}") = "IntroToLINQ", "IntroToLINQ\IntroToLINQ.csproj", "{070BE885-6D16-4BE4-95C5-4C85B5B0CB2F}"
EndProject
Global
	GlobalSection(SolutionConfigurationPlatforms) = preSolution
		Debug|x86 = Debug|x86
		Release|x86 = Release|x86
	EndGlobalSection
	GlobalSection(ProjectConfigurationPlatforms) = postSolution
		{070BE885-6D16-4BE4-95C5-4C85B5B0CB2F}.Debug|x86.ActiveCfg = Debug|x86
		{070BE885-6D16-4BE4-95C5-4C85B5B0CB2F}.Debug|x86.Build.0 = Debug|x86
		{070BE885-6D16-4BE4-95C5-4C85B5B0CB2F}.Release|x86.ActiveCfg = Release|x86
		{070BE885-6D16-4BE4-95C5-4C85B5B0CB2F}.Release|x86.Build.0 = Release|x86
	EndGlobalSection
	GlobalSection(SolutionProperties) = preSolution
		HideSolutionNode = FALSE
	EndGlobalSection
EndGlobal
